<?xml version="1.0" encoding="utf-8"?>
<Project ToolsVersion="4.0" xmlns="http://schemas.microsoft.com/developer/msbuild/2003">
  <ItemGroup>
    <Filter Include="SampleEngine">
      <UniqueIdentifier>{3D7E1022-29E1-9FC6-D266-D87CBEA86B49}</UniqueIdentifier>
    </Filter>
  </ItemGroup>
  <ItemGroup>
    <ClInclude Include="src\SEngine.h" />
    <ClInclude Include="src\SampleEngine\CApplication.h">
      <Filter>SampleEngine</Filter>
    </ClInclude>
    <ClInclude Include="src\SampleEngine\CLog.h">
      <Filter>SampleEngine</Filter>
    </ClInclude>
    <ClInclude Include="src\SampleEngine\Core.h">
      <Filter>SampleEngine</Filter>
    </ClInclude>
    <ClInclude Include="src\SampleEngine\EntryPoint.h">
      <Filter>SampleEngine</Filter>
    </ClInclude>
  </ItemGroup>
  <ItemGroup>
    <ClCompile Include="src\SampleEngine\CApplication.cpp">
      <Filter>SampleEngine</Filter>
    </ClCompile>
    <ClCompile Include="src\SampleEngine\CLog.cpp">
      <Filter>SampleEngine</Filter>
    </ClCompile>
  </ItemGroup>
</Project>